// !$*UTF8*$!
{
	archiveVersion = 1;
	classes = {
	};
	objectVersion = 56;
	objects = {

/* Begin PBXBuildFile section */
		025DBC5C2B6F57E200F37C27 /* NetworkingManager.swift in Sources */ = {isa = PBXBuildFile; fileRef = 025DBC5B2B6F57E200F37C27 /* NetworkingManager.swift */; };
		025DBC5F2B6F810800F37C27 /* CoinImageView.swift in Sources */ = {isa = PBXBuildFile; fileRef = 025DBC5E2B6F810800F37C27 /* CoinImageView.swift */; };
		025DBC612B6F831A00F37C27 /* CoinImageService.swift in Sources */ = {isa = PBXBuildFile; fileRef = 025DBC602B6F831A00F37C27 /* CoinImageService.swift */; };
		025DBC632B6F845000F37C27 /* CoinImageViewModel.swift in Sources */ = {isa = PBXBuildFile; fileRef = 025DBC622B6F845000F37C27 /* CoinImageViewModel.swift */; };
		0262422C2B5F89F900CD8D04 /* Crypto_TrackerApp.swift in Sources */ = {isa = PBXBuildFile; fileRef = 0262422B2B5F89F900CD8D04 /* Crypto_TrackerApp.swift */; };
		0262422E2B5F89F900CD8D04 /* ContentView.swift in Sources */ = {isa = PBXBuildFile; fileRef = 0262422D2B5F89F900CD8D04 /* ContentView.swift */; };
		026242302B5F89FA00CD8D04 /* Assets.xcassets in Resources */ = {isa = PBXBuildFile; fileRef = 0262422F2B5F89FA00CD8D04 /* Assets.xcassets */; };
		026242332B5F89FA00CD8D04 /* Preview Assets.xcassets in Resources */ = {isa = PBXBuildFile; fileRef = 026242322B5F89FA00CD8D04 /* Preview Assets.xcassets */; };
		026242352B5F89FA00CD8D04 /* Persistence.swift in Sources */ = {isa = PBXBuildFile; fileRef = 026242342B5F89FA00CD8D04 /* Persistence.swift */; };
		026242382B5F89FA00CD8D04 /* Crypto_Tracker.xcdatamodeld in Sources */ = {isa = PBXBuildFile; fileRef = 026242362B5F89FA00CD8D04 /* Crypto_Tracker.xcdatamodeld */; };
		026242472B5F92B100CD8D04 /* HomeView.swift in Sources */ = {isa = PBXBuildFile; fileRef = 026242462B5F92B100CD8D04 /* HomeView.swift */; };
		0262424F2B5F946500CD8D04 /* UIApplication.swift in Sources */ = {isa = PBXBuildFile; fileRef = 0262424E2B5F946500CD8D04 /* UIApplication.swift */; };
		026242502B5F946500CD8D04 /* Double.swift in Sources */ = {isa = PBXBuildFile; fileRef = 0262424D2B5F946500CD8D04 /* Double.swift */; };
		026242512B5F946500CD8D04 /* Date.swift in Sources */ = {isa = PBXBuildFile; fileRef = 0262424A2B5F946500CD8D04 /* Date.swift */; };
		026242522B5F946500CD8D04 /* PreviewProvider.swift in Sources */ = {isa = PBXBuildFile; fileRef = 0262424C2B5F946500CD8D04 /* PreviewProvider.swift */; };
		026242532B5F946500CD8D04 /* Color.swift in Sources */ = {isa = PBXBuildFile; fileRef = 026242492B5F946500CD8D04 /* Color.swift */; };
		026242542B5F946500CD8D04 /* String.swift in Sources */ = {isa = PBXBuildFile; fileRef = 0262424B2B5F946500CD8D04 /* String.swift */; };
		0262425C2B5F949D00CD8D04 /* CoinModel.swift in Sources */ = {isa = PBXBuildFile; fileRef = 026242562B5F949D00CD8D04 /* CoinModel.swift */; };
		0262425D2B5F949D00CD8D04 /* StatisticModel.swift in Sources */ = {isa = PBXBuildFile; fileRef = 026242572B5F949D00CD8D04 /* StatisticModel.swift */; };
		0262425E2B5F949D00CD8D04 /* MarketDataModel.swift in Sources */ = {isa = PBXBuildFile; fileRef = 0262425B2B5F949D00CD8D04 /* MarketDataModel.swift */; };
		0262425F2B5F949D00CD8D04 /* CoinDetailModel.swift in Sources */ = {isa = PBXBuildFile; fileRef = 026242582B5F949D00CD8D04 /* CoinDetailModel.swift */; };
		026242642B5F961700CD8D04 /* CircleButtonView.swift in Sources */ = {isa = PBXBuildFile; fileRef = 026242632B5F961700CD8D04 /* CircleButtonView.swift */; };
		026242662B5FAFAE00CD8D04 /* CircleButtonAnimationView.swift in Sources */ = {isa = PBXBuildFile; fileRef = 026242652B5FAFAE00CD8D04 /* CircleButtonAnimationView.swift */; };
		026242682B5FB37300CD8D04 /* CoinRowView.swift in Sources */ = {isa = PBXBuildFile; fileRef = 026242672B5FB37300CD8D04 /* CoinRowView.swift */; };
		0270F3F92B6A2F3900577A9E /* HomeViewModel.swift in Sources */ = {isa = PBXBuildFile; fileRef = 0270F3F82B6A2F3800577A9E /* HomeViewModel.swift */; };
		0270F3FC2B6A65C900577A9E /* CoinDataService.swift in Sources */ = {isa = PBXBuildFile; fileRef = 0270F3FB2B6A65C900577A9E /* CoinDataService.swift */; };
/* End PBXBuildFile section */

/* Begin PBXFileReference section */
		025DBC5B2B6F57E200F37C27 /* NetworkingManager.swift */ = {isa = PBXFileReference; lastKnownFileType = sourcecode.swift; path = NetworkingManager.swift; sourceTree = "<group>"; };
		025DBC5E2B6F810800F37C27 /* CoinImageView.swift */ = {isa = PBXFileReference; lastKnownFileType = sourcecode.swift; path = CoinImageView.swift; sourceTree = "<group>"; };
		025DBC602B6F831A00F37C27 /* CoinImageService.swift */ = {isa = PBXFileReference; lastKnownFileType = sourcecode.swift; path = CoinImageService.swift; sourceTree = "<group>"; };
		025DBC622B6F845000F37C27 /* CoinImageViewModel.swift */ = {isa = PBXFileReference; lastKnownFileType = sourcecode.swift; path = CoinImageViewModel.swift; sourceTree = "<group>"; };
		026242282B5F89F900CD8D04 /* Crypto-Tracker.app */ = {isa = PBXFileReference; explicitFileType = wrapper.application; includeInIndex = 0; path = "Crypto-Tracker.app"; sourceTree = BUILT_PRODUCTS_DIR; };
		0262422B2B5F89F900CD8D04 /* Crypto_TrackerApp.swift */ = {isa = PBXFileReference; lastKnownFileType = sourcecode.swift; path = Crypto_TrackerApp.swift; sourceTree = "<group>"; };
		0262422D2B5F89F900CD8D04 /* ContentView.swift */ = {isa = PBXFileReference; lastKnownFileType = sourcecode.swift; path = ContentView.swift; sourceTree = "<group>"; };
		0262422F2B5F89FA00CD8D04 /* Assets.xcassets */ = {isa = PBXFileReference; lastKnownFileType = folder.assetcatalog; path = Assets.xcassets; sourceTree = "<group>"; };
		026242322B5F89FA00CD8D04 /* Preview Assets.xcassets */ = {isa = PBXFileReference; lastKnownFileType = folder.assetcatalog; path = "Preview Assets.xcassets"; sourceTree = "<group>"; };
		026242342B5F89FA00CD8D04 /* Persistence.swift */ = {isa = PBXFileReference; lastKnownFileType = sourcecode.swift; path = Persistence.swift; sourceTree = "<group>"; };
		026242372B5F89FA00CD8D04 /* Crypto_Tracker.xcdatamodel */ = {isa = PBXFileReference; lastKnownFileType = wrapper.xcdatamodel; path = Crypto_Tracker.xcdatamodel; sourceTree = "<group>"; };
		026242462B5F92B100CD8D04 /* HomeView.swift */ = {isa = PBXFileReference; lastKnownFileType = sourcecode.swift; path = HomeView.swift; sourceTree = "<group>"; };
		026242492B5F946500CD8D04 /* Color.swift */ = {isa = PBXFileReference; lastKnownFileType = sourcecode.swift; path = Color.swift; sourceTree = "<group>"; };
		0262424A2B5F946500CD8D04 /* Date.swift */ = {isa = PBXFileReference; lastKnownFileType = sourcecode.swift; path = Date.swift; sourceTree = "<group>"; };
		0262424B2B5F946500CD8D04 /* String.swift */ = {isa = PBXFileReference; lastKnownFileType = sourcecode.swift; path = String.swift; sourceTree = "<group>"; };
		0262424C2B5F946500CD8D04 /* PreviewProvider.swift */ = {isa = PBXFileReference; lastKnownFileType = sourcecode.swift; path = PreviewProvider.swift; sourceTree = "<group>"; };
		0262424D2B5F946500CD8D04 /* Double.swift */ = {isa = PBXFileReference; lastKnownFileType = sourcecode.swift; path = Double.swift; sourceTree = "<group>"; };
		0262424E2B5F946500CD8D04 /* UIApplication.swift */ = {isa = PBXFileReference; lastKnownFileType = sourcecode.swift; path = UIApplication.swift; sourceTree = "<group>"; };
		026242562B5F949D00CD8D04 /* CoinModel.swift */ = {isa = PBXFileReference; lastKnownFileType = sourcecode.swift; path = CoinModel.swift; sourceTree = "<group>"; };
		026242572B5F949D00CD8D04 /* StatisticModel.swift */ = {isa = PBXFileReference; lastKnownFileType = sourcecode.swift; path = StatisticModel.swift; sourceTree = "<group>"; };
		026242582B5F949D00CD8D04 /* CoinDetailModel.swift */ = {isa = PBXFileReference; lastKnownFileType = sourcecode.swift; path = CoinDetailModel.swift; sourceTree = "<group>"; };
		0262425A2B5F949D00CD8D04 /* PortfolioContainer.xcdatamodel */ = {isa = PBXFileReference; lastKnownFileType = wrapper.xcdatamodel; path = PortfolioContainer.xcdatamodel; sourceTree = "<group>"; };
		0262425B2B5F949D00CD8D04 /* MarketDataModel.swift */ = {isa = PBXFileReference; lastKnownFileType = sourcecode.swift; path = MarketDataModel.swift; sourceTree = "<group>"; };
		026242632B5F961700CD8D04 /* CircleButtonView.swift */ = {isa = PBXFileReference; lastKnownFileType = sourcecode.swift; path = CircleButtonView.swift; sourceTree = "<group>"; };
		026242652B5FAFAE00CD8D04 /* CircleButtonAnimationView.swift */ = {isa = PBXFileReference; lastKnownFileType = sourcecode.swift; path = CircleButtonAnimationView.swift; sourceTree = "<group>"; };
		026242672B5FB37300CD8D04 /* CoinRowView.swift */ = {isa = PBXFileReference; lastKnownFileType = sourcecode.swift; path = CoinRowView.swift; sourceTree = "<group>"; };
		0270F3F82B6A2F3800577A9E /* HomeViewModel.swift */ = {isa = PBXFileReference; lastKnownFileType = sourcecode.swift; path = HomeViewModel.swift; sourceTree = "<group>"; };
		0270F3FB2B6A65C900577A9E /* CoinDataService.swift */ = {isa = PBXFileReference; lastKnownFileType = sourcecode.swift; path = CoinDataService.swift; sourceTree = "<group>"; };
/* End PBXFileReference section */

/* Begin PBXFrameworksBuildPhase section */
		026242252B5F89F900CD8D04 /* Frameworks */ = {
			isa = PBXFrameworksBuildPhase;
			buildActionMask = 2147483647;
			files = (
			);
			runOnlyForDeploymentPostprocessing = 0;
		};
/* End PBXFrameworksBuildPhase section */

/* Begin PBXGroup section */
		025DBC5A2B6F57B500F37C27 /* Utilities */ = {
			isa = PBXGroup;
			children = (
				025DBC5B2B6F57E200F37C27 /* NetworkingManager.swift */,
			);
			path = Utilities;
			sourceTree = "<group>";
		};
		025DBC5D2B6F80F400F37C27 /* CoinImage */ = {
			isa = PBXGroup;
			children = (
				025DBC5E2B6F810800F37C27 /* CoinImageView.swift */,
				025DBC622B6F845000F37C27 /* CoinImageViewModel.swift */,
			);
			path = CoinImage;
			sourceTree = "<group>";
		};
		0262421F2B5F89F900CD8D04 = {
			isa = PBXGroup;
			children = (
				0262422A2B5F89F900CD8D04 /* Crypto-Tracker */,
				026242292B5F89F900CD8D04 /* Products */,
			);
			sourceTree = "<group>";
		};
		026242292B5F89F900CD8D04 /* Products */ = {
			isa = PBXGroup;
			children = (
				026242282B5F89F900CD8D04 /* Crypto-Tracker.app */,
			);
			name = Products;
			sourceTree = "<group>";
		};
		0262422A2B5F89F900CD8D04 /* Crypto-Tracker */ = {
			isa = PBXGroup;
			children = (
				0262422D2B5F89F900CD8D04 /* ContentView.swift */,
				0262422B2B5F89F900CD8D04 /* Crypto_TrackerApp.swift */,
				026242342B5F89FA00CD8D04 /* Persistence.swift */,
				0262422F2B5F89FA00CD8D04 /* Assets.xcassets */,
				026242422B5F927E00CD8D04 /* Core */,
				026242362B5F89FA00CD8D04 /* Crypto_Tracker.xcdatamodeld */,
				026242552B5F948500CD8D04 /* Extension */,
				026242602B5F94B600CD8D04 /* Model */,
				026242312B5F89FA00CD8D04 /* Preview Content */,
				0270F3FA2B6A65B300577A9E /* Service */,
				025DBC5A2B6F57B500F37C27 /* Utilities */,
			);
			path = "Crypto-Tracker";
			sourceTree = "<group>";
		};
		026242312B5F89FA00CD8D04 /* Preview Content */ = {
			isa = PBXGroup;
			children = (
				026242322B5F89FA00CD8D04 /* Preview Assets.xcassets */,
			);
			path = "Preview Content";
			sourceTree = "<group>";
		};
		026242422B5F927E00CD8D04 /* Core */ = {
			isa = PBXGroup;
			children = (
				026242612B5F95F800CD8D04 /* Components */,
				026242432B5F928500CD8D04 /* Home */,
			);
			path = Core;
			sourceTree = "<group>";
		};
		026242432B5F928500CD8D04 /* Home */ = {
			isa = PBXGroup;
			children = (
				026242452B5F92A000CD8D04 /* Views */,
				026242442B5F929000CD8D04 /* Viewmodels */,
			);
			path = Home;
			sourceTree = "<group>";
		};
		026242442B5F929000CD8D04 /* Viewmodels */ = {
			isa = PBXGroup;
			children = (
				0270F3F82B6A2F3800577A9E /* HomeViewModel.swift */,
			);
			path = Viewmodels;
			sourceTree = "<group>";
		};
		026242452B5F92A000CD8D04 /* Views */ = {
			isa = PBXGroup;
			children = (
				026242462B5F92B100CD8D04 /* HomeView.swift */,
				026242672B5FB37300CD8D04 /* CoinRowView.swift */,
			);
			path = Views;
			sourceTree = "<group>";
		};
		026242552B5F948500CD8D04 /* Extension */ = {
			isa = PBXGroup;
			children = (
				026242492B5F946500CD8D04 /* Color.swift */,
				0262424A2B5F946500CD8D04 /* Date.swift */,
				0262424D2B5F946500CD8D04 /* Double.swift */,
				0262424C2B5F946500CD8D04 /* PreviewProvider.swift */,
				0262424B2B5F946500CD8D04 /* String.swift */,
				0262424E2B5F946500CD8D04 /* UIApplication.swift */,
			);
			path = Extension;
			sourceTree = "<group>";
		};
		026242602B5F94B600CD8D04 /* Model */ = {
			isa = PBXGroup;
			children = (
				026242582B5F949D00CD8D04 /* CoinDetailModel.swift */,
				026242562B5F949D00CD8D04 /* CoinModel.swift */,
				0262425B2B5F949D00CD8D04 /* MarketDataModel.swift */,
				026242592B5F949D00CD8D04 /* PortfolioContainer.xcdatamodeld */,
				026242572B5F949D00CD8D04 /* StatisticModel.swift */,
			);
			path = Model;
			sourceTree = "<group>";
		};
		026242612B5F95F800CD8D04 /* Components */ = {
			isa = PBXGroup;
			children = (
				025DBC5D2B6F80F400F37C27 /* CoinImage */,
				026242622B5F960600CD8D04 /* CircleButton */,
			);
			path = Components;
			sourceTree = "<group>";
		};
		026242622B5F960600CD8D04 /* CircleButton */ = {
			isa = PBXGroup;
			children = (
				026242632B5F961700CD8D04 /* CircleButtonView.swift */,
				026242652B5FAFAE00CD8D04 /* CircleButtonAnimationView.swift */,
			);
			path = CircleButton;
			sourceTree = "<group>";
		};
		0270F3FA2B6A65B300577A9E /* Service */ = {
			isa = PBXGroup;
			children = (
				0270F3FB2B6A65C900577A9E /* CoinDataService.swift */,
				025DBC602B6F831A00F37C27 /* CoinImageService.swift */,
			);
			path = Service;
			sourceTree = "<group>";
		};
/* End PBXGroup section */

/* Begin PBXNativeTarget section */
		026242272B5F89F900CD8D04 /* Crypto-Tracker */ = {
			isa = PBXNativeTarget;
			buildConfigurationList = 0262423B2B5F89FA00CD8D04 /* Build configuration list for PBXNativeTarget "Crypto-Tracker" */;
			buildPhases = (
				026242242B5F89F900CD8D04 /* Sources */,
				026242252B5F89F900CD8D04 /* Frameworks */,
				026242262B5F89F900CD8D04 /* Resources */,
			);
			buildRules = (
			);
			dependencies = (
			);
			name = "Crypto-Tracker";
			productName = "Crypto-Tracker";
			productReference = 026242282B5F89F900CD8D04 /* Crypto-Tracker.app */;
			productType = "com.apple.product-type.application";
		};
/* End PBXNativeTarget section */

/* Begin PBXProject section */
		026242202B5F89F900CD8D04 /* Project object */ = {
			isa = PBXProject;
			attributes = {
				BuildIndependentTargetsInParallel = 1;
				LastSwiftUpdateCheck = 1500;
				LastUpgradeCheck = 1500;
				TargetAttributes = {
					026242272B5F89F900CD8D04 = {
						CreatedOnToolsVersion = 15.0;
					};
				};
			};
			buildConfigurationList = 026242232B5F89F900CD8D04 /* Build configuration list for PBXProject "Crypto-Tracker" */;
			compatibilityVersion = "Xcode 14.0";
			developmentRegion = en;
			hasScannedForEncodings = 0;
			knownRegions = (
				en,
				Base,
			);
			mainGroup = 0262421F2B5F89F900CD8D04;
			productRefGroup = 026242292B5F89F900CD8D04 /* Products */;
			projectDirPath = "";
			projectRoot = "";
			targets = (
				026242272B5F89F900CD8D04 /* Crypto-Tracker */,
			);
		};
/* End PBXProject section */

/* Begin PBXResourcesBuildPhase section */
		026242262B5F89F900CD8D04 /* Resources */ = {
			isa = PBXResourcesBuildPhase;
			buildActionMask = 2147483647;
			files = (
				026242332B5F89FA00CD8D04 /* Preview Assets.xcassets in Resources */,
				026242302B5F89FA00CD8D04 /* Assets.xcassets in Resources */,
			);
			runOnlyForDeploymentPostprocessing = 0;
		};
/* End PBXResourcesBuildPhase section */

/* Begin PBXSourcesBuildPhase section */
		026242242B5F89F900CD8D04 /* Sources */ = {
			isa = PBXSourcesBuildPhase;
			buildActionMask = 2147483647;
			files = (
				0270F3F92B6A2F3900577A9E /* HomeViewModel.swift in Sources */,
				026242682B5FB37300CD8D04 /* CoinRowView.swift in Sources */,
				0262425D2B5F949D00CD8D04 /* StatisticModel.swift in Sources */,
				025DBC632B6F845000F37C27 /* CoinImageViewModel.swift in Sources */,
				0262424F2B5F946500CD8D04 /* UIApplication.swift in Sources */,
				026242542B5F946500CD8D04 /* String.swift in Sources */,
				026242352B5F89FA00CD8D04 /* Persistence.swift in Sources */,
				025DBC5C2B6F57E200F37C27 /* NetworkingManager.swift in Sources */,
				0262425F2B5F949D00CD8D04 /* CoinDetailModel.swift in Sources */,
				0262422E2B5F89F900CD8D04 /* ContentView.swift in Sources */,
				0270F3FC2B6A65C900577A9E /* CoinDataService.swift in Sources */,
				026242662B5FAFAE00CD8D04 /* CircleButtonAnimationView.swift in Sources */,
				0262425C2B5F949D00CD8D04 /* CoinModel.swift in Sources */,
				026242532B5F946500CD8D04 /* Color.swift in Sources */,
				0262425E2B5F949D00CD8D04 /* MarketDataModel.swift in Sources */,
				026242512B5F946500CD8D04 /* Date.swift in Sources */,
				025DBC5F2B6F810800F37C27 /* CoinImageView.swift in Sources */,
				026242642B5F961700CD8D04 /* CircleButtonView.swift in Sources */,
				0262422C2B5F89F900CD8D04 /* Crypto_TrackerApp.swift in Sources */,
				026242472B5F92B100CD8D04 /* HomeView.swift in Sources */,
				025DBC612B6F831A00F37C27 /* CoinImageService.swift in Sources */,
				026242382B5F89FA00CD8D04 /* Crypto_Tracker.xcdatamodeld in Sources */,
				026242522B5F946500CD8D04 /* PreviewProvider.swift in Sources */,
				026242502B5F946500CD8D04 /* Double.swift in Sources */,
			);
			runOnlyForDeploymentPostprocessing = 0;
		};
/* End PBXSourcesBuildPhase section */

/* Begin XCBuildConfiguration section */
		026242392B5F89FA00CD8D04 /* Debug */ = {
			isa = XCBuildConfiguration;
			buildSettings = {
				ALWAYS_SEARCH_USER_PATHS = NO;
				ASSETCATALOG_COMPILER_GENERATE_SWIFT_ASSET_SYMBOL_EXTENSIONS = YES;
				CLANG_ANALYZER_NONNULL = YES;
				CLANG_ANALYZER_NUMBER_OBJECT_CONVERSION = YES_AGGRESSIVE;
				CLANG_CXX_LANGUAGE_STANDARD = "gnu++20";
				CLANG_ENABLE_MODULES = YES;
				CLANG_ENABLE_OBJC_ARC = YES;
				CLANG_ENABLE_OBJC_WEAK = YES;
				CLANG_WARN_BLOCK_CAPTURE_AUTORELEASING = YES;
				CLANG_WARN_BOOL_CONVERSION = YES;
				CLANG_WARN_COMMA = YES;
				CLANG_WARN_CONSTANT_CONVERSION = YES;
				CLANG_WARN_DEPRECATED_OBJC_IMPLEMENTATIONS = YES;
				CLANG_WARN_DIRECT_OBJC_ISA_USAGE = YES_ERROR;
				CLANG_WARN_DOCUMENTATION_COMMENTS = YES;
				CLANG_WARN_EMPTY_BODY = YES;
				CLANG_WARN_ENUM_CONVERSION = YES;
				CLANG_WARN_INFINITE_RECURSION = YES;
				CLANG_WARN_INT_CONVERSION = YES;
				CLANG_WARN_NON_LITERAL_NULL_CONVERSION = YES;
				CLANG_WARN_OBJC_IMPLICIT_RETAIN_SELF = YES;
				CLANG_WARN_OBJC_LITERAL_CONVERSION = YES;
				CLANG_WARN_OBJC_ROOT_CLASS = YES_ERROR;
				CLANG_WARN_QUOTED_INCLUDE_IN_FRAMEWORK_HEADER = YES;
				CLANG_WARN_RANGE_LOOP_ANALYSIS = YES;
				CLANG_WARN_STRICT_PROTOTYPES = YES;
				CLANG_WARN_SUSPICIOUS_MOVE = YES;
				CLANG_WARN_UNGUARDED_AVAILABILITY = YES_AGGRESSIVE;
				CLANG_WARN_UNREACHABLE_CODE = YES;
				CLANG_WARN__DUPLICATE_METHOD_MATCH = YES;
				COPY_PHASE_STRIP = NO;
				DEBUG_INFORMATION_FORMAT = dwarf;
				ENABLE_STRICT_OBJC_MSGSEND = YES;
				ENABLE_TESTABILITY = YES;
				ENABLE_USER_SCRIPT_SANDBOXING = YES;
				GCC_C_LANGUAGE_STANDARD = gnu17;
				GCC_DYNAMIC_NO_PIC = NO;
				GCC_NO_COMMON_BLOCKS = YES;
				GCC_OPTIMIZATION_LEVEL = 0;
				GCC_PREPROCESSOR_DEFINITIONS = (
					"DEBUG=1",
					"$(inherited)",
				);
				GCC_WARN_64_TO_32_BIT_CONVERSION = YES;
				GCC_WARN_ABOUT_RETURN_TYPE = YES_ERROR;
				GCC_WARN_UNDECLARED_SELECTOR = YES;
				GCC_WARN_UNINITIALIZED_AUTOS = YES_AGGRESSIVE;
				GCC_WARN_UNUSED_FUNCTION = YES;
				GCC_WARN_UNUSED_VARIABLE = YES;
				IPHONEOS_DEPLOYMENT_TARGET = 17.0;
				LOCALIZATION_PREFERS_STRING_CATALOGS = YES;
				MTL_ENABLE_DEBUG_INFO = INCLUDE_SOURCE;
				MTL_FAST_MATH = YES;
				ONLY_ACTIVE_ARCH = YES;
				SDKROOT = iphoneos;
				SWIFT_ACTIVE_COMPILATION_CONDITIONS = "DEBUG $(inherited)";
				SWIFT_OPTIMIZATION_LEVEL = "-Onone";
			};
			name = Debug;
		};
		0262423A2B5F89FA00CD8D04 /* Release */ = {
			isa = XCBuildConfiguration;
			buildSettings = {
				ALWAYS_SEARCH_USER_PATHS = NO;
				ASSETCATALOG_COMPILER_GENERATE_SWIFT_ASSET_SYMBOL_EXTENSIONS = YES;
				CLANG_ANALYZER_NONNULL = YES;
				CLANG_ANALYZER_NUMBER_OBJECT_CONVERSION = YES_AGGRESSIVE;
				CLANG_CXX_LANGUAGE_STANDARD = "gnu++20";
				CLANG_ENABLE_MODULES = YES;
				CLANG_ENABLE_OBJC_ARC = YES;
				CLANG_ENABLE_OBJC_WEAK = YES;
				CLANG_WARN_BLOCK_CAPTURE_AUTORELEASING = YES;
				CLANG_WARN_BOOL_CONVERSION = YES;
				CLANG_WARN_COMMA = YES;
				CLANG_WARN_CONSTANT_CONVERSION = YES;
				CLANG_WARN_DEPRECATED_OBJC_IMPLEMENTATIONS = YES;
				CLANG_WARN_DIRECT_OBJC_ISA_USAGE = YES_ERROR;
				CLANG_WARN_DOCUMENTATION_COMMENTS = YES;
				CLANG_WARN_EMPTY_BODY = YES;
				CLANG_WARN_ENUM_CONVERSION = YES;
				CLANG_WARN_INFINITE_RECURSION = YES;
				CLANG_WARN_INT_CONVERSION = YES;
				CLANG_WARN_NON_LITERAL_NULL_CONVERSION = YES;
				CLANG_WARN_OBJC_IMPLICIT_RETAIN_SELF = YES;
				CLANG_WARN_OBJC_LITERAL_CONVERSION = YES;
				CLANG_WARN_OBJC_ROOT_CLASS = YES_ERROR;
				CLANG_WARN_QUOTED_INCLUDE_IN_FRAMEWORK_HEADER = YES;
				CLANG_WARN_RANGE_LOOP_ANALYSIS = YES;
				CLANG_WARN_STRICT_PROTOTYPES = YES;
				CLANG_WARN_SUSPICIOUS_MOVE = YES;
				CLANG_WARN_UNGUARDED_AVAILABILITY = YES_AGGRESSIVE;
				CLANG_WARN_UNREACHABLE_CODE = YES;
				CLANG_WARN__DUPLICATE_METHOD_MATCH = YES;
				COPY_PHASE_STRIP = NO;
				DEBUG_INFORMATION_FORMAT = "dwarf-with-dsym";
				ENABLE_NS_ASSERTIONS = NO;
				ENABLE_STRICT_OBJC_MSGSEND = YES;
				ENABLE_USER_SCRIPT_SANDBOXING = YES;
				GCC_C_LANGUAGE_STANDARD = gnu17;
				GCC_NO_COMMON_BLOCKS = YES;
				GCC_WARN_64_TO_32_BIT_CONVERSION = YES;
				GCC_WARN_ABOUT_RETURN_TYPE = YES_ERROR;
				GCC_WARN_UNDECLARED_SELECTOR = YES;
				GCC_WARN_UNINITIALIZED_AUTOS = YES_AGGRESSIVE;
				GCC_WARN_UNUSED_FUNCTION = YES;
				GCC_WARN_UNUSED_VARIABLE = YES;
				IPHONEOS_DEPLOYMENT_TARGET = 17.0;
				LOCALIZATION_PREFERS_STRING_CATALOGS = YES;
				MTL_ENABLE_DEBUG_INFO = NO;
				MTL_FAST_MATH = YES;
				SDKROOT = iphoneos;
				SWIFT_COMPILATION_MODE = wholemodule;
				VALIDATE_PRODUCT = YES;
			};
			name = Release;
		};
		0262423C2B5F89FA00CD8D04 /* Debug */ = {
			isa = XCBuildConfiguration;
			buildSettings = {
				ASSETCATALOG_COMPILER_APPICON_NAME = AppIcon;
				ASSETCATALOG_COMPILER_GLOBAL_ACCENT_COLOR_NAME = AccentColor;
				CODE_SIGN_STYLE = Automatic;
				CURRENT_PROJECT_VERSION = 1;
				DEVELOPMENT_ASSET_PATHS = "\"Crypto-Tracker/Preview Content\"";
				DEVELOPMENT_TEAM = 83R323ZA68;
				ENABLE_PREVIEWS = YES;
				GENERATE_INFOPLIST_FILE = YES;
				INFOPLIST_KEY_UIApplicationSceneManifest_Generation = YES;
				INFOPLIST_KEY_UIApplicationSupportsIndirectInputEvents = YES;
				INFOPLIST_KEY_UILaunchScreen_Generation = YES;
				INFOPLIST_KEY_UISupportedInterfaceOrientations_iPad = "UIInterfaceOrientationPortrait UIInterfaceOrientationPortraitUpsideDown UIInterfaceOrientationLandscapeLeft UIInterfaceOrientationLandscapeRight";
				INFOPLIST_KEY_UISupportedInterfaceOrientations_iPhone = "UIInterfaceOrientationPortrait UIInterfaceOrientationLandscapeLeft UIInterfaceOrientationLandscapeRight";
				IPHONEOS_DEPLOYMENT_TARGET = 15.0;
				LD_RUNPATH_SEARCH_PATHS = (
					"$(inherited)",
					"@executable_path/Frameworks",
				);
				MARKETING_VERSION = 1.0;
				PRODUCT_BUNDLE_IDENTIFIER = "com.725f3f561da56c08.Crypto-Tracker";
				PRODUCT_NAME = "$(TARGET_NAME)";
				SWIFT_EMIT_LOC_STRINGS = YES;
				SWIFT_VERSION = 5.0;
				TARGETED_DEVICE_FAMILY = "1,2";
			};
			name = Debug;
		};
		0262423D2B5F89FA00CD8D04 /* Release */ = {
			isa = XCBuildConfiguration;
			buildSettings = {
				ASSETCATALOG_COMPILER_APPICON_NAME = AppIcon;
				ASSETCATALOG_COMPILER_GLOBAL_ACCENT_COLOR_NAME = AccentColor;
				CODE_SIGN_STYLE = Automatic;
				CURRENT_PROJECT_VERSION = 1;
				DEVELOPMENT_ASSET_PATHS = "\"Crypto-Tracker/Preview Content\"";
				DEVELOPMENT_TEAM = 83R323ZA68;
				ENABLE_PREVIEWS = YES;
				GENERATE_INFOPLIST_FILE = YES;
				INFOPLIST_KEY_UIApplicationSceneManifest_Generation = YES;
				INFOPLIST_KEY_UIApplicationSupportsIndirectInputEvents = YES;
				INFOPLIST_KEY_UILaunchScreen_Generation = YES;
				INFOPLIST_KEY_UISupportedInterfaceOrientations_iPad = "UIInterfaceOrientationPortrait UIInterfaceOrientationPortraitUpsideDown UIInterfaceOrientationLandscapeLeft UIInterfaceOrientationLandscapeRight";
				INFOPLIST_KEY_UISupportedInterfaceOrientations_iPhone = "UIInterfaceOrientationPortrait UIInterfaceOrientationLandscapeLeft UIInterfaceOrientationLandscapeRight";
				IPHONEOS_DEPLOYMENT_TARGET = 15.0;
				LD_RUNPATH_SEARCH_PATHS = (
					"$(inherited)",
					"@executable_path/Frameworks",
				);
				MARKETING_VERSION = 1.0;
				PRODUCT_BUNDLE_IDENTIFIER = "com.725f3f561da56c08.Crypto-Tracker";
				PRODUCT_NAME = "$(TARGET_NAME)";
				SWIFT_EMIT_LOC_STRINGS = YES;
				SWIFT_VERSION = 5.0;
				TARGETED_DEVICE_FAMILY = "1,2";
			};
			name = Release;
		};
/* End XCBuildConfiguration section */

/* Begin XCConfigurationList section */
		026242232B5F89F900CD8D04 /* Build configuration list for PBXProject "Crypto-Tracker" */ = {
			isa = XCConfigurationList;
			buildConfigurations = (
				026242392B5F89FA00CD8D04 /* Debug */,
				0262423A2B5F89FA00CD8D04 /* Release */,
			);
			defaultConfigurationIsVisible = 0;
			defaultConfigurationName = Release;
		};
		0262423B2B5F89FA00CD8D04 /* Build configuration list for PBXNativeTarget "Crypto-Tracker" */ = {
			isa = XCConfigurationList;
			buildConfigurations = (
				0262423C2B5F89FA00CD8D04 /* Debug */,
				0262423D2B5F89FA00CD8D04 /* Release */,
			);
			defaultConfigurationIsVisible = 0;
			defaultConfigurationName = Release;
		};
/* End XCConfigurationList section */

/* Begin XCVersionGroup section */
		026242362B5F89FA00CD8D04 /* Crypto_Tracker.xcdatamodeld */ = {
			isa = XCVersionGroup;
			children = (
				026242372B5F89FA00CD8D04 /* Crypto_Tracker.xcdatamodel */,
			);
			currentVersion = 026242372B5F89FA00CD8D04 /* Crypto_Tracker.xcdatamodel */;
			path = Crypto_Tracker.xcdatamodeld;
			sourceTree = "<group>";
			versionGroupType = wrapper.xcdatamodel;
		};
		026242592B5F949D00CD8D04 /* PortfolioContainer.xcdatamodeld */ = {
			isa = XCVersionGroup;
			children = (
				0262425A2B5F949D00CD8D04 /* PortfolioContainer.xcdatamodel */,
			);
			currentVersion = 0262425A2B5F949D00CD8D04 /* PortfolioContainer.xcdatamodel */;
			path = PortfolioContainer.xcdatamodeld;
			sourceTree = "<group>";
			versionGroupType = wrapper.xcdatamodel;
		};
/* End XCVersionGroup section */
	};
	rootObject = 026242202B5F89F900CD8D04 /* Project object */;
}
